
Microsoft Visual Studio Solution File, Format Version 12.00
# Visual Studio Version 16
VisualStudioVersion = 16.0.29519.87
MinimumVisualStudioVersion = 10.0.40219.1
Project("{FAE04EC0-301F-11D3-BF4B-00C04F79EFBC}") = "DigitalSignature", "DigitalSignature\DigitalSignature.csproj", "{BDD1378B-754F-4495-9C7E-CB25D9A7CA6B}"
EndProject
Global
	GlobalSection(SolutionConfigurationPlatforms) = preSolution
		Debug|Any CPU = Debug|Any CPU
		Release|Any CPU = Release|Any CPU
	EndGlobalSection
	GlobalSection(ProjectConfigurationPlatforms) = postSolution
		{BDD1378B-754F-4495-9C7E-CB25D9A7CA6B}.Debug|Any CPU.ActiveCfg = Debug|Any CPU
		{BDD1378B-754F-4495-9C7E-CB25D9A7CA6B}.Debug|Any CPU.Build.0 = Debug|Any CPU
		{BDD1378B-754F-4495-9C7E-CB25D9A7CA6B}.Release|Any CPU.ActiveCfg = Release|Any CPU
		{BDD1378B-754F-4495-9C7E-CB25D9A7CA6B}.Release|Any CPU.Build.0 = Release|Any CPU
	EndGlobalSection
	GlobalSection(SolutionProperties) = preSolution
		HideSolutionNode = FALSE
	EndGlobalSection
	GlobalSection(ExtensibilityGlobals) = postSolution
		SolutionGuid = {C74D9E6A-98BD-429F-BFE7-B131EFE70283}
	EndGlobalSection
EndGlobal
